
Microsoft Visual Studio Solution File, Format Version 12.00
# Visual Studio Version 16
VisualStudioVersion = 16.0.29201.188
MinimumVisualStudioVersion = 10.0.40219.1
Project("{FAE04EC0-301F-11D3-BF4B-00C04F79EFBC}") = "CaskmateAspApi", "CaskmateAspApi\CaskmateAspApi.csproj", "{361D0FD8-9595-4459-B77F-DD25F8CB38FF}"
EndProject
Project("{FAE04EC0-301F-11D3-BF4B-00C04F79EFBC}") = "CaskmateAspApi.Tests", "CaskmateAspApi.Tests\CaskmateAspApi.Tests.csproj", "{4E0942EB-3881-4F75-B4D9-B9B05743A7D0}"
EndProject
Global
	GlobalSection(SolutionConfigurationPlatforms) = preSolution
		Debug|Any CPU = Debug|Any CPU
		Release|Any CPU = Release|Any CPU
	EndGlobalSection
	GlobalSection(ProjectConfigurationPlatforms) = postSolution
		{361D0FD8-9595-4459-B77F-DD25F8CB38FF}.Debug|Any CPU.ActiveCfg = Debug|Any CPU
		{361D0FD8-9595-4459-B77F-DD25F8CB38FF}.Debug|Any CPU.Build.0 = Debug|Any CPU
		{361D0FD8-9595-4459-B77F-DD25F8CB38FF}.Release|Any CPU.ActiveCfg = Release|Any CPU
		{361D0FD8-9595-4459-B77F-DD25F8CB38FF}.Release|Any CPU.Build.0 = Release|Any CPU
		{4E0942EB-3881-4F75-B4D9-B9B05743A7D0}.Debug|Any CPU.ActiveCfg = Debug|Any CPU
		{4E0942EB-3881-4F75-B4D9-B9B05743A7D0}.Debug|Any CPU.Build.0 = Debug|Any CPU
		{4E0942EB-3881-4F75-B4D9-B9B05743A7D0}.Release|Any CPU.ActiveCfg = Release|Any CPU
		{4E0942EB-3881-4F75-B4D9-B9B05743A7D0}.Release|Any CPU.Build.0 = Release|Any CPU
	EndGlobalSection
	GlobalSection(SolutionProperties) = preSolution
		HideSolutionNode = FALSE
	EndGlobalSection
	GlobalSection(ExtensibilityGlobals) = postSolution
		SolutionGuid = {0FA6BA12-BC28-4DE5-8008-FB394DE93D2A}
	EndGlobalSection
EndGlobal
